
Microsoft Visual Studio Solution File, Format Version 12.00
# Visual Studio 14
VisualStudioVersion = 14.0.25420.1
MinimumVisualStudioVersion = 10.0.40219.1
Project("{FAE04EC0-301F-11D3-BF4B-00C04F79EFBC}") = "KLDFishStallAccounts.WebApi", "KLDFishStallAccounts.WebApi\KLDFishStallAccounts.WebApi.csproj", "{453FA77D-5410-4F72-9E6A-93118E78837E}"
EndProject
Project("{FAE04EC0-301F-11D3-BF4B-00C04F79EFBC}") = "KLDFishStallAccounts.Model", "KLDFishStallAccounts.Model\KLDFishStallAccounts.Model.csproj", "{04D61A32-68B3-4A9A-95C1-E10900A0AB9D}"
EndProject
Project("{FAE04EC0-301F-11D3-BF4B-00C04F79EFBC}") = "KLDFishStallAccounts.Service", "KLDFishStallAccounts.Service\KLDFishStallAccounts.Service.csproj", "{73C0DD52-5866-44CB-A06B-CD47B0B9012E}"
EndProject
Project("{FAE04EC0-301F-11D3-BF4B-00C04F79EFBC}") = "KLDFishStallAccounts.DTO", "KLDFishStallAccounts.DTO\KLDFishStallAccounts.DTO.csproj", "{F867FCA8-B53A-4EE9-97FD-7D8AC6379E46}"
EndProject
Global
	GlobalSection(SolutionConfigurationPlatforms) = preSolution
		Debug|Any CPU = Debug|Any CPU
		Release|Any CPU = Release|Any CPU
	EndGlobalSection
	GlobalSection(ProjectConfigurationPlatforms) = postSolution
		{453FA77D-5410-4F72-9E6A-93118E78837E}.Debug|Any CPU.ActiveCfg = Debug|Any CPU
		{453FA77D-5410-4F72-9E6A-93118E78837E}.Debug|Any CPU.Build.0 = Debug|Any CPU
		{453FA77D-5410-4F72-9E6A-93118E78837E}.Release|Any CPU.ActiveCfg = Release|Any CPU
		{453FA77D-5410-4F72-9E6A-93118E78837E}.Release|Any CPU.Build.0 = Release|Any CPU
		{04D61A32-68B3-4A9A-95C1-E10900A0AB9D}.Debug|Any CPU.ActiveCfg = Debug|Any CPU
		{04D61A32-68B3-4A9A-95C1-E10900A0AB9D}.Debug|Any CPU.Build.0 = Debug|Any CPU
		{04D61A32-68B3-4A9A-95C1-E10900A0AB9D}.Release|Any CPU.ActiveCfg = Release|Any CPU
		{04D61A32-68B3-4A9A-95C1-E10900A0AB9D}.Release|Any CPU.Build.0 = Release|Any CPU
		{73C0DD52-5866-44CB-A06B-CD47B0B9012E}.Debug|Any CPU.ActiveCfg = Debug|Any CPU
		{73C0DD52-5866-44CB-A06B-CD47B0B9012E}.Debug|Any CPU.Build.0 = Debug|Any CPU
		{73C0DD52-5866-44CB-A06B-CD47B0B9012E}.Release|Any CPU.ActiveCfg = Release|Any CPU
		{73C0DD52-5866-44CB-A06B-CD47B0B9012E}.Release|Any CPU.Build.0 = Release|Any CPU
		{F867FCA8-B53A-4EE9-97FD-7D8AC6379E46}.Debug|Any CPU.ActiveCfg = Debug|Any CPU
		{F867FCA8-B53A-4EE9-97FD-7D8AC6379E46}.Debug|Any CPU.Build.0 = Debug|Any CPU
		{F867FCA8-B53A-4EE9-97FD-7D8AC6379E46}.Release|Any CPU.ActiveCfg = Release|Any CPU
		{F867FCA8-B53A-4EE9-97FD-7D8AC6379E46}.Release|Any CPU.Build.0 = Release|Any CPU
	EndGlobalSection
	GlobalSection(SolutionProperties) = preSolution
		HideSolutionNode = FALSE
	EndGlobalSection
EndGlobal
